{
  "name": "sonixd-rewrite",
  "version": "0.0.0",
  "lockfileVersion": 2,
  "requires": true,
  "packages": {
    "": {
      "name": "sonixd-rewrite",
      "version": "0.0.0",
      "license": "MIT",
      "dependencies": {
        "@prisma/client": "4.4.0"
      },
      "devDependencies": {
        "prisma": "4.4.0"
      }
    },
    "node_modules/@prisma/client": {
      "version": "4.4.0",
      "resolved": "https://registry.npmjs.org/@prisma/client/-/client-4.4.0.tgz",
      "integrity": "sha512-ciKOP246x1xwr04G9ajHlJ4pkmtu9Q6esVyqVBO0QJihaKQIUvbPjClp17IsRJyxqNpFm4ScbOc/s9DUzKHINQ==",
      "hasInstallScript": true,
      "dependencies": {
        "@prisma/engines-version": "4.4.0-66.f352a33b70356f46311da8b00d83386dd9f145d6"
      },
      "engines": {
        "node": ">=14.17"
      },
      "peerDependencies": {
        "prisma": "*"
      },
      "peerDependenciesMeta": {
        "prisma": {
          "optional": true
        }
      }
    },
    "node_modules/@prisma/engines": {
      "version": "4.4.0",
      "resolved": "https://registry.npmjs.org/@prisma/engines/-/engines-4.4.0.tgz",
      "integrity": "sha512-Fpykccxlt9MHrAs/QpPGpI2nOiRxuLA+LiApgA59ibbf24YICZIMWd3SI2YD+q0IAIso0jCGiHhirAIbxK3RyQ==",
      "devOptional": true,
      "hasInstallScript": true
    },
    "node_modules/@prisma/engines-version": {
      "version": "4.4.0-66.f352a33b70356f46311da8b00d83386dd9f145d6",
      "resolved": "https://registry.npmjs.org/@prisma/engines-version/-/engines-version-4.4.0-66.f352a33b70356f46311da8b00d83386dd9f145d6.tgz",
      "integrity": "sha512-P5v/PuEIJLYXZUZBvOLPqoyCW+m6StNqHdiR6te++gYVODpPdLakks5HVx3JaZIY+LwR02juJWFlwpc9Eog/ug=="
    },
    "node_modules/prisma": {
      "version": "4.4.0",
      "resolved": "https://registry.npmjs.org/prisma/-/prisma-4.4.0.tgz",
      "integrity": "sha512-l/QKLmLcKJQFuc+X02LyICo0NWTUVaNNZ00jKJBqwDyhwMAhboD1FWwYV50rkH4Wls0RviAJSFzkC2ZrfawpfA==",
      "devOptional": true,
      "hasInstallScript": true,
      "dependencies": {
        "@prisma/engines": "4.4.0"
      },
      "bin": {
        "prisma": "build/index.js",
        "prisma2": "build/index.js"
      },
      "engines": {
        "node": ">=14.17"
      }
    }
  },
  "dependencies": {
    "@prisma/client": {
      "version": "4.4.0",
      "resolved": "https://registry.npmjs.org/@prisma/client/-/client-4.4.0.tgz",
      "integrity": "sha512-ciKOP246x1xwr04G9ajHlJ4pkmtu9Q6esVyqVBO0QJihaKQIUvbPjClp17IsRJyxqNpFm4ScbOc/s9DUzKHINQ==",
      "requires": {
        "@prisma/engines-version": "4.4.0-66.f352a33b70356f46311da8b00d83386dd9f145d6"
      }
    },
    "@prisma/engines": {
      "version": "4.4.0",
      "resolved": "https://registry.npmjs.org/@prisma/engines/-/engines-4.4.0.tgz",
      "integrity": "sha512-Fpykccxlt9MHrAs/QpPGpI2nOiRxuLA+LiApgA59ibbf24YICZIMWd3SI2YD+q0IAIso0jCGiHhirAIbxK3RyQ==",
      "devOptional": true
    },
    "@prisma/engines-version": {
      "version": "4.4.0-66.f352a33b70356f46311da8b00d83386dd9f145d6",
      "resolved": "https://registry.npmjs.org/@prisma/engines-version/-/engines-version-4.4.0-66.f352a33b70356f46311da8b00d83386dd9f145d6.tgz",
      "integrity": "sha512-P5v/PuEIJLYXZUZBvOLPqoyCW+m6StNqHdiR6te++gYVODpPdLakks5HVx3JaZIY+LwR02juJWFlwpc9Eog/ug=="
    },
    "prisma": {
      "version": "4.4.0",
      "resolved": "https://registry.npmjs.org/prisma/-/prisma-4.4.0.tgz",
      "integrity": "sha512-l/QKLmLcKJQFuc+X02LyICo0NWTUVaNNZ00jKJBqwDyhwMAhboD1FWwYV50rkH4Wls0RviAJSFzkC2ZrfawpfA==",
      "devOptional": true,
      "requires": {
        "@prisma/engines": "4.4.0"
      }
    }
  }
}
